# This file is automatically @generated by Cargo.
# It is not intended for manual editing.
version = 4

[[package]]
name = "atom-vibe-build-protocol"
version = "0.1.0"

[[package]]
name = "atom-vibe-scratchpad"
version = "0.1.0"
dependencies = [
 "atom-vibe-build-protocol",
 "math-atoms-hash",
 "math-atoms-json",
 "math-atoms-lock",
 "math-atoms-secrets",
]

[[package]]
name = "math-atoms-hash"
version = "0.1.0"

[[package]]
name = "math-atoms-json"
version = "0.1.0"

[[package]]
name = "math-atoms-lock"
version = "0.1.0"
dependencies = [
 "math-atoms-hash",
]

[[package]]
name = "math-atoms-secrets"
version = "0.1.0"
